
Microsoft Visual Studio Solution File, Format Version 12.00
# Visual Studio Version 16
VisualStudioVersion = 16.0.31229.75
MinimumVisualStudioVersion = 10.0.40219.1
Project("{9A19103F-16F7-4668-BE54-9A1E7A4F7556}") = "Data", "Data.csproj", "{2D03B13A-1EAC-4E48-8225-72963A655B6D}"
EndProject
Global
	GlobalSection(SolutionConfigurationPlatforms) = preSolution
		Debug|Any CPU = Debug|Any CPU
		Release|Any CPU = Release|Any CPU
	EndGlobalSection
	GlobalSection(ProjectConfigurationPlatforms) = postSolution
		{2D03B13A-1EAC-4E48-8225-72963A655B6D}.Debug|Any CPU.ActiveCfg = Debug|Any CPU
		{2D03B13A-1EAC-4E48-8225-72963A655B6D}.Debug|Any CPU.Build.0 = Debug|Any CPU
		{2D03B13A-1EAC-4E48-8225-72963A655B6D}.Release|Any CPU.ActiveCfg = Release|Any CPU
		{2D03B13A-1EAC-4E48-8225-72963A655B6D}.Release|Any CPU.Build.0 = Release|Any CPU
	EndGlobalSection
	GlobalSection(SolutionProperties) = preSolution
		HideSolutionNode = FALSE
	EndGlobalSection
	GlobalSection(ExtensibilityGlobals) = postSolution
		SolutionGuid = {523A35AF-182D-48D6-B396-561E10CCA0BD}
	EndGlobalSection
EndGlobal
