
Microsoft Visual Studio Solution File, Format Version 12.00
# Visual Studio Version 16
VisualStudioVersion = 16.0.31229.75
MinimumVisualStudioVersion = 10.0.40219.1
Project("{9A19103F-16F7-4668-BE54-9A1E7A4F7556}") = "Services", "Services.csproj", "{B99E72A5-5731-46B3-A837-D335D05B8648}"
EndProject
Global
	GlobalSection(SolutionConfigurationPlatforms) = preSolution
		Debug|Any CPU = Debug|Any CPU
		Release|Any CPU = Release|Any CPU
	EndGlobalSection
	GlobalSection(ProjectConfigurationPlatforms) = postSolution
		{B99E72A5-5731-46B3-A837-D335D05B8648}.Debug|Any CPU.ActiveCfg = Debug|Any CPU
		{B99E72A5-5731-46B3-A837-D335D05B8648}.Debug|Any CPU.Build.0 = Debug|Any CPU
		{B99E72A5-5731-46B3-A837-D335D05B8648}.Release|Any CPU.ActiveCfg = Release|Any CPU
		{B99E72A5-5731-46B3-A837-D335D05B8648}.Release|Any CPU.Build.0 = Release|Any CPU
	EndGlobalSection
	GlobalSection(SolutionProperties) = preSolution
		HideSolutionNode = FALSE
	EndGlobalSection
	GlobalSection(ExtensibilityGlobals) = postSolution
		SolutionGuid = {2D831687-FE4B-48EC-8DF9-682394C122AE}
	EndGlobalSection
EndGlobal
